
Microsoft Visual Studio Solution File, Format Version 12.00
# Visual Studio Version 17
VisualStudioVersion = 17.6.33815.320
MinimumVisualStudioVersion = 10.0.40219.1
Project("{FAE04EC0-301F-11D3-BF4B-00C04F79EFBC}") = "WPFDoga2023_09_20", "WPFDoga2023_09_20\WPFDoga2023_09_20.csproj", "{67EF9197-D00D-45C3-BE72-28C4326BB4CA}"
EndProject
Global
	GlobalSection(SolutionConfigurationPlatforms) = preSolution
		Debug|Any CPU = Debug|Any CPU
		Release|Any CPU = Release|Any CPU
	EndGlobalSection
	GlobalSection(ProjectConfigurationPlatforms) = postSolution
		{67EF9197-D00D-45C3-BE72-28C4326BB4CA}.Debug|Any CPU.ActiveCfg = Debug|Any CPU
		{67EF9197-D00D-45C3-BE72-28C4326BB4CA}.Debug|Any CPU.Build.0 = Debug|Any CPU
		{67EF9197-D00D-45C3-BE72-28C4326BB4CA}.Release|Any CPU.ActiveCfg = Release|Any CPU
		{67EF9197-D00D-45C3-BE72-28C4326BB4CA}.Release|Any CPU.Build.0 = Release|Any CPU
	EndGlobalSection
	GlobalSection(SolutionProperties) = preSolution
		HideSolutionNode = FALSE
	EndGlobalSection
	GlobalSection(ExtensibilityGlobals) = postSolution
		SolutionGuid = {B1EAB1F5-4B23-48B3-9295-39A5FAF81C27}
	EndGlobalSection
EndGlobal
